
Microsoft Visual Studio Solution File, Format Version 10.00
# Visual Studio 2008
Project("{D183A3D8-5FD8-494B-B014-37F57B35E655}") = "Inteligencia_Portillo", "Inteligencia_Portillo.dtproj", "{0AA23441-FDC6-48EE-94F7-76051179F444}"
EndProject
Global
	GlobalSection(SolutionConfigurationPlatforms) = preSolution
		Development|Default = Development|Default
	EndGlobalSection
	GlobalSection(ProjectConfigurationPlatforms) = postSolution
		{0AA23441-FDC6-48EE-94F7-76051179F444}.Development|Default.ActiveCfg = Development
		{0AA23441-FDC6-48EE-94F7-76051179F444}.Development|Default.Build.0 = Development
	EndGlobalSection
	GlobalSection(SolutionProperties) = preSolution
		HideSolutionNode = FALSE
	EndGlobalSection
EndGlobal
